
Microsoft Visual Studio Solution File, Format Version 12.00
# Visual Studio 15
VisualStudioVersion = 15.0.28307.1259
MinimumVisualStudioVersion = 10.0.40219.1
Project("{FAE04EC0-301F-11D3-BF4B-00C04F79EFBC}") = "login", "login\login.csproj", "{C447EBB5-66DA-4E27-8AED-5896AEC4A711}"
EndProject
Global
	GlobalSection(SolutionConfigurationPlatforms) = preSolution
		Debug|Any CPU = Debug|Any CPU
		Release|Any CPU = Release|Any CPU
	EndGlobalSection
	GlobalSection(ProjectConfigurationPlatforms) = postSolution
		{C447EBB5-66DA-4E27-8AED-5896AEC4A711}.Debug|Any CPU.ActiveCfg = Debug|Any CPU
		{C447EBB5-66DA-4E27-8AED-5896AEC4A711}.Debug|Any CPU.Build.0 = Debug|Any CPU
		{C447EBB5-66DA-4E27-8AED-5896AEC4A711}.Release|Any CPU.ActiveCfg = Release|Any CPU
		{C447EBB5-66DA-4E27-8AED-5896AEC4A711}.Release|Any CPU.Build.0 = Release|Any CPU
	EndGlobalSection
	GlobalSection(SolutionProperties) = preSolution
		HideSolutionNode = FALSE
	EndGlobalSection
	GlobalSection(ExtensibilityGlobals) = postSolution
		SolutionGuid = {FD1F60B1-1C7E-40C9-ACFC-EE0930E601DF}
	EndGlobalSection
EndGlobal
